
Microsoft Visual Studio Solution File, Format Version 12.00
# Visual Studio 15
VisualStudioVersion = 15.0.28307.1321
MinimumVisualStudioVersion = 10.0.40219.1
Project("{FAE04EC0-301F-11D3-BF4B-00C04F79EFBC}") = "Assignment_Task_4", "Assignment_Task_4\Assignment_Task_4.csproj", "{BE9DF003-A46E-4447-B413-1D7DB8F43785}"
EndProject
Global
	GlobalSection(SolutionConfigurationPlatforms) = preSolution
		Debug|Any CPU = Debug|Any CPU
		Release|Any CPU = Release|Any CPU
	EndGlobalSection
	GlobalSection(ProjectConfigurationPlatforms) = postSolution
		{BE9DF003-A46E-4447-B413-1D7DB8F43785}.Debug|Any CPU.ActiveCfg = Debug|Any CPU
		{BE9DF003-A46E-4447-B413-1D7DB8F43785}.Debug|Any CPU.Build.0 = Debug|Any CPU
		{BE9DF003-A46E-4447-B413-1D7DB8F43785}.Release|Any CPU.ActiveCfg = Release|Any CPU
		{BE9DF003-A46E-4447-B413-1D7DB8F43785}.Release|Any CPU.Build.0 = Release|Any CPU
	EndGlobalSection
	GlobalSection(SolutionProperties) = preSolution
		HideSolutionNode = FALSE
	EndGlobalSection
	GlobalSection(ExtensibilityGlobals) = postSolution
		SolutionGuid = {0BD11C48-D37E-4CCA-A365-BACC40804E2C}
	EndGlobalSection
EndGlobal
