
Microsoft Visual Studio Solution File, Format Version 12.00
# Visual Studio 15
VisualStudioVersion = 15.0.28307.1300
MinimumVisualStudioVersion = 10.0.40219.1
Project("{FAE04EC0-301F-11D3-BF4B-00C04F79EFBC}") = "Task7 - Receipt OCR", "Task7 - Receipt OCR\Task7 - Receipt OCR.csproj", "{02381D74-CB01-4170-8787-8375C828B089}"
EndProject
Global
	GlobalSection(SolutionConfigurationPlatforms) = preSolution
		Debug|Any CPU = Debug|Any CPU
		Release|Any CPU = Release|Any CPU
	EndGlobalSection
	GlobalSection(ProjectConfigurationPlatforms) = postSolution
		{02381D74-CB01-4170-8787-8375C828B089}.Debug|Any CPU.ActiveCfg = Debug|Any CPU
		{02381D74-CB01-4170-8787-8375C828B089}.Debug|Any CPU.Build.0 = Debug|Any CPU
		{02381D74-CB01-4170-8787-8375C828B089}.Release|Any CPU.ActiveCfg = Release|Any CPU
		{02381D74-CB01-4170-8787-8375C828B089}.Release|Any CPU.Build.0 = Release|Any CPU
	EndGlobalSection
	GlobalSection(SolutionProperties) = preSolution
		HideSolutionNode = FALSE
	EndGlobalSection
	GlobalSection(ExtensibilityGlobals) = postSolution
		SolutionGuid = {6D89CC16-414F-4581-8999-0B36D757A3F6}
	EndGlobalSection
EndGlobal
